
Microsoft Visual Studio Solution File, Format Version 12.00
# Visual Studio Version 16
VisualStudioVersion = 16.0.29806.167
MinimumVisualStudioVersion = 10.0.40219.1
Project("{9A19103F-16F7-4668-BE54-9A1E7A4F7556}") = "Agebull.EntityModel.Core", "EntityModel\Agebull.EntityModel.Core.csproj", "{0D626DDA-02C0-4BD8-B2FD-EFEE0971510F}"
EndProject
Project("{9A19103F-16F7-4668-BE54-9A1E7A4F7556}") = "Agebull.EntityModel.Excel", "Excel\Agebull.EntityModel.Excel.csproj", "{A6AB806C-9474-44B2-8390-12909C734265}"
EndProject
Project("{9A19103F-16F7-4668-BE54-9A1E7A4F7556}") = "Agebull.EntityModel.BusinessLogic", "BusinessLogic\Agebull.EntityModel.BusinessLogic.csproj", "{8AEB6F5B-45D5-4B85-997B-8C63875EDAF3}"
EndProject
Project("{9A19103F-16F7-4668-BE54-9A1E7A4F7556}") = "Agebull.EntityModel.ModelApi", "ApiFundtion\Agebull.EntityModel.ModelApi.csproj", "{58DA8B6B-1A79-4142-97B4-5D9F20B1749A}"
EndProject
Project("{9A19103F-16F7-4668-BE54-9A1E7A4F7556}") = "Agebull.EntityModel.MySql", "MySql\Agebull.EntityModel.MySql.csproj", "{8890CF25-068B-40A2-BC08-9C91AD9554A1}"
EndProject
Project("{9A19103F-16F7-4668-BE54-9A1E7A4F7556}") = "Agebull.EntityModel.DataAccess", "DataAccess\Agebull.EntityModel.DataAccess.csproj", "{BAA623D6-43ED-49EA-B312-6B36D8562E81}"
EndProject
Project("{FAE04EC0-301F-11D3-BF4B-00C04F79EFBC}") = "DataAccessTest", "DataAccessTest\DataAccessTest.csproj", "{4F6E16A1-0B6A-4EBF-9B04-F21677BBEB7C}"
EndProject
Global
	GlobalSection(SolutionConfigurationPlatforms) = preSolution
		Debug|Any CPU = Debug|Any CPU
		Debug|x64 = Debug|x64
		Release|Any CPU = Release|Any CPU
		Release|x64 = Release|x64
	EndGlobalSection
	GlobalSection(ProjectConfigurationPlatforms) = postSolution
		{0D626DDA-02C0-4BD8-B2FD-EFEE0971510F}.Debug|Any CPU.ActiveCfg = Debug|Any CPU
		{0D626DDA-02C0-4BD8-B2FD-EFEE0971510F}.Debug|Any CPU.Build.0 = Debug|Any CPU
		{0D626DDA-02C0-4BD8-B2FD-EFEE0971510F}.Debug|x64.ActiveCfg = Debug|Any CPU
		{0D626DDA-02C0-4BD8-B2FD-EFEE0971510F}.Release|Any CPU.ActiveCfg = Release|Any CPU
		{0D626DDA-02C0-4BD8-B2FD-EFEE0971510F}.Release|Any CPU.Build.0 = Release|Any CPU
		{0D626DDA-02C0-4BD8-B2FD-EFEE0971510F}.Release|x64.ActiveCfg = Release|Any CPU
		{A6AB806C-9474-44B2-8390-12909C734265}.Debug|Any CPU.ActiveCfg = Debug|Any CPU
		{A6AB806C-9474-44B2-8390-12909C734265}.Debug|Any CPU.Build.0 = Debug|Any CPU
		{A6AB806C-9474-44B2-8390-12909C734265}.Debug|x64.ActiveCfg = Debug|Any CPU
		{A6AB806C-9474-44B2-8390-12909C734265}.Debug|x64.Build.0 = Debug|Any CPU
		{A6AB806C-9474-44B2-8390-12909C734265}.Release|Any CPU.ActiveCfg = Release|Any CPU
		{A6AB806C-9474-44B2-8390-12909C734265}.Release|Any CPU.Build.0 = Release|Any CPU
		{A6AB806C-9474-44B2-8390-12909C734265}.Release|x64.ActiveCfg = Release|Any CPU
		{A6AB806C-9474-44B2-8390-12909C734265}.Release|x64.Build.0 = Release|Any CPU
		{8AEB6F5B-45D5-4B85-997B-8C63875EDAF3}.Debug|Any CPU.ActiveCfg = Debug|Any CPU
		{8AEB6F5B-45D5-4B85-997B-8C63875EDAF3}.Debug|Any CPU.Build.0 = Debug|Any CPU
		{8AEB6F5B-45D5-4B85-997B-8C63875EDAF3}.Debug|x64.ActiveCfg = Debug|Any CPU
		{8AEB6F5B-45D5-4B85-997B-8C63875EDAF3}.Debug|x64.Build.0 = Debug|Any CPU
		{8AEB6F5B-45D5-4B85-997B-8C63875EDAF3}.Release|Any CPU.ActiveCfg = Release|Any CPU
		{8AEB6F5B-45D5-4B85-997B-8C63875EDAF3}.Release|Any CPU.Build.0 = Release|Any CPU
		{8AEB6F5B-45D5-4B85-997B-8C63875EDAF3}.Release|x64.ActiveCfg = Release|Any CPU
		{8AEB6F5B-45D5-4B85-997B-8C63875EDAF3}.Release|x64.Build.0 = Release|Any CPU
		{58DA8B6B-1A79-4142-97B4-5D9F20B1749A}.Debug|Any CPU.ActiveCfg = Debug|Any CPU
		{58DA8B6B-1A79-4142-97B4-5D9F20B1749A}.Debug|Any CPU.Build.0 = Debug|Any CPU
		{58DA8B6B-1A79-4142-97B4-5D9F20B1749A}.Debug|x64.ActiveCfg = Debug|Any CPU
		{58DA8B6B-1A79-4142-97B4-5D9F20B1749A}.Debug|x64.Build.0 = Debug|Any CPU
		{58DA8B6B-1A79-4142-97B4-5D9F20B1749A}.Release|Any CPU.ActiveCfg = Release|Any CPU
		{58DA8B6B-1A79-4142-97B4-5D9F20B1749A}.Release|Any CPU.Build.0 = Release|Any CPU
		{58DA8B6B-1A79-4142-97B4-5D9F20B1749A}.Release|x64.ActiveCfg = Release|Any CPU
		{58DA8B6B-1A79-4142-97B4-5D9F20B1749A}.Release|x64.Build.0 = Release|Any CPU
		{8890CF25-068B-40A2-BC08-9C91AD9554A1}.Debug|Any CPU.ActiveCfg = Debug|Any CPU
		{8890CF25-068B-40A2-BC08-9C91AD9554A1}.Debug|Any CPU.Build.0 = Debug|Any CPU
		{8890CF25-068B-40A2-BC08-9C91AD9554A1}.Debug|x64.ActiveCfg = Debug|Any CPU
		{8890CF25-068B-40A2-BC08-9C91AD9554A1}.Debug|x64.Build.0 = Debug|Any CPU
		{8890CF25-068B-40A2-BC08-9C91AD9554A1}.Release|Any CPU.ActiveCfg = Release|Any CPU
		{8890CF25-068B-40A2-BC08-9C91AD9554A1}.Release|Any CPU.Build.0 = Release|Any CPU
		{8890CF25-068B-40A2-BC08-9C91AD9554A1}.Release|x64.ActiveCfg = Release|Any CPU
		{8890CF25-068B-40A2-BC08-9C91AD9554A1}.Release|x64.Build.0 = Release|Any CPU
		{BAA623D6-43ED-49EA-B312-6B36D8562E81}.Debug|Any CPU.ActiveCfg = Debug|Any CPU
		{BAA623D6-43ED-49EA-B312-6B36D8562E81}.Debug|Any CPU.Build.0 = Debug|Any CPU
		{BAA623D6-43ED-49EA-B312-6B36D8562E81}.Debug|x64.ActiveCfg = Debug|Any CPU
		{BAA623D6-43ED-49EA-B312-6B36D8562E81}.Debug|x64.Build.0 = Debug|Any CPU
		{BAA623D6-43ED-49EA-B312-6B36D8562E81}.Release|Any CPU.ActiveCfg = Release|Any CPU
		{BAA623D6-43ED-49EA-B312-6B36D8562E81}.Release|Any CPU.Build.0 = Release|Any CPU
		{BAA623D6-43ED-49EA-B312-6B36D8562E81}.Release|x64.ActiveCfg = Release|Any CPU
		{BAA623D6-43ED-49EA-B312-6B36D8562E81}.Release|x64.Build.0 = Release|Any CPU
		{4F6E16A1-0B6A-4EBF-9B04-F21677BBEB7C}.Debug|Any CPU.ActiveCfg = Debug|Any CPU
		{4F6E16A1-0B6A-4EBF-9B04-F21677BBEB7C}.Debug|Any CPU.Build.0 = Debug|Any CPU
		{4F6E16A1-0B6A-4EBF-9B04-F21677BBEB7C}.Debug|x64.ActiveCfg = Debug|Any CPU
		{4F6E16A1-0B6A-4EBF-9B04-F21677BBEB7C}.Debug|x64.Build.0 = Debug|Any CPU
		{4F6E16A1-0B6A-4EBF-9B04-F21677BBEB7C}.Release|Any CPU.ActiveCfg = Release|Any CPU
		{4F6E16A1-0B6A-4EBF-9B04-F21677BBEB7C}.Release|Any CPU.Build.0 = Release|Any CPU
		{4F6E16A1-0B6A-4EBF-9B04-F21677BBEB7C}.Release|x64.ActiveCfg = Release|Any CPU
		{4F6E16A1-0B6A-4EBF-9B04-F21677BBEB7C}.Release|x64.Build.0 = Release|Any CPU
	EndGlobalSection
	GlobalSection(SolutionProperties) = preSolution
		HideSolutionNode = FALSE
	EndGlobalSection
	GlobalSection(ExtensibilityGlobals) = postSolution
		SolutionGuid = {76F65055-833D-450A-80E3-D58986FBA4B6}
	EndGlobalSection
EndGlobal
